{
  "name": "playwright06-ecommerce",
  "version": "1.0.0",
  "lockfileVersion": 2,
  "requires": true,
  "packages": {
    "": {
      "name": "playwright06-ecommerce",
      "version": "1.0.0",
      "license": "ISC",
      "dependencies": {
        "ansi-colors": "^4.1.3",
        "playwright": "^1.35.1"
      },
      "devDependencies": {
        "@types/node": "^20.3.2"
      }
    },
    "node_modules/@types/node": {
      "version": "20.3.2",
      "resolved": "https://registry.npmjs.org/@types/node/-/node-20.3.2.tgz",
      "integrity": "sha512-vOBLVQeCQfIcF/2Y7eKFTqrMnizK5lRNQ7ykML/5RuwVXVWxYkgwS7xbt4B6fKCUPgbSL5FSsjHQpaGQP/dQmw==",
      "dev": true
    },
    "node_modules/ansi-colors": {
      "version": "4.1.3",
      "resolved": "https://registry.npmjs.org/ansi-colors/-/ansi-colors-4.1.3.tgz",
      "integrity": "sha512-/6w/C21Pm1A7aZitlI5Ni/2J6FFQN8i1Cvz3kHABAAbw93v/NlvKdVOqz7CCWz/3iv/JplRSEEZ83XION15ovw==",
      "engines": {
        "node": ">=6"
      }
    },
    "node_modules/playwright": {
      "version": "1.35.1",
      "resolved": "https://registry.npmjs.org/playwright/-/playwright-1.35.1.tgz",
      "integrity": "sha512-NbwBeGJLu5m7VGM0+xtlmLAH9VUfWwYOhUi/lSEDyGg46r1CA9RWlvoc5yywxR9AzQb0mOCm7bWtOXV7/w43ZA==",
      "hasInstallScript": true,
      "dependencies": {
        "playwright-core": "1.35.1"
      },
      "bin": {
        "playwright": "cli.js"
      },
      "engines": {
        "node": ">=16"
      }
    },
    "node_modules/playwright-core": {
      "version": "1.35.1",
      "resolved": "https://registry.npmjs.org/playwright-core/-/playwright-core-1.35.1.tgz",
      "integrity": "sha512-pNXb6CQ7OqmGDRspEjlxE49w+4YtR6a3X6mT1hZXeJHWmsEz7SunmvZeiG/+y1yyMZdHnnn73WKYdtV1er0Xyg==",
      "bin": {
        "playwright-core": "cli.js"
      },
      "engines": {
        "node": ">=16"
      }
    }
  },
  "dependencies": {
    "@types/node": {
      "version": "20.3.2",
      "resolved": "https://registry.npmjs.org/@types/node/-/node-20.3.2.tgz",
      "integrity": "sha512-vOBLVQeCQfIcF/2Y7eKFTqrMnizK5lRNQ7ykML/5RuwVXVWxYkgwS7xbt4B6fKCUPgbSL5FSsjHQpaGQP/dQmw==",
      "dev": true
    },
    "ansi-colors": {
      "version": "4.1.3",
      "resolved": "https://registry.npmjs.org/ansi-colors/-/ansi-colors-4.1.3.tgz",
      "integrity": "sha512-/6w/C21Pm1A7aZitlI5Ni/2J6FFQN8i1Cvz3kHABAAbw93v/NlvKdVOqz7CCWz/3iv/JplRSEEZ83XION15ovw=="
    },
    "playwright": {
      "version": "1.35.1",
      "resolved": "https://registry.npmjs.org/playwright/-/playwright-1.35.1.tgz",
      "integrity": "sha512-NbwBeGJLu5m7VGM0+xtlmLAH9VUfWwYOhUi/lSEDyGg46r1CA9RWlvoc5yywxR9AzQb0mOCm7bWtOXV7/w43ZA==",
      "requires": {
        "playwright-core": "1.35.1"
      }
    },
    "playwright-core": {
      "version": "1.35.1",
      "resolved": "https://registry.npmjs.org/playwright-core/-/playwright-core-1.35.1.tgz",
      "integrity": "sha512-pNXb6CQ7OqmGDRspEjlxE49w+4YtR6a3X6mT1hZXeJHWmsEz7SunmvZeiG/+y1yyMZdHnnn73WKYdtV1er0Xyg=="
    }
  }
}
